
Microsoft Visual Studio Solution File, Format Version 12.00
# Visual Studio 15
VisualStudioVersion = 15.0.27428.2037
MinimumVisualStudioVersion = 10.0.40219.1
Project("{8BC9CEB8-8B4A-11D0-8D11-00A0C91BC942}") = "DirectX11Tutorial004", "DirectX11Tutorial004\DirectX11Tutorial004.vcxproj", "{99F3F5BB-8E57-4C39-A890-E5A246B1A0B0}"
EndProject
Global
	GlobalSection(SolutionConfigurationPlatforms) = preSolution
		Debug|x64 = Debug|x64
		Debug|x86 = Debug|x86
		Release|x64 = Release|x64
		Release|x86 = Release|x86
	EndGlobalSection
	GlobalSection(ProjectConfigurationPlatforms) = postSolution
		{99F3F5BB-8E57-4C39-A890-E5A246B1A0B0}.Debug|x64.ActiveCfg = Debug|x64
		{99F3F5BB-8E57-4C39-A890-E5A246B1A0B0}.Debug|x64.Build.0 = Debug|x64
		{99F3F5BB-8E57-4C39-A890-E5A246B1A0B0}.Debug|x86.ActiveCfg = Debug|Win32
		{99F3F5BB-8E57-4C39-A890-E5A246B1A0B0}.Debug|x86.Build.0 = Debug|Win32
		{99F3F5BB-8E57-4C39-A890-E5A246B1A0B0}.Release|x64.ActiveCfg = Release|x64
		{99F3F5BB-8E57-4C39-A890-E5A246B1A0B0}.Release|x64.Build.0 = Release|x64
		{99F3F5BB-8E57-4C39-A890-E5A246B1A0B0}.Release|x86.ActiveCfg = Release|Win32
		{99F3F5BB-8E57-4C39-A890-E5A246B1A0B0}.Release|x86.Build.0 = Release|Win32
	EndGlobalSection
	GlobalSection(SolutionProperties) = preSolution
		HideSolutionNode = FALSE
	EndGlobalSection
	GlobalSection(ExtensibilityGlobals) = postSolution
		SolutionGuid = {74205925-566B-43F0-902D-54B376447C01}
	EndGlobalSection
EndGlobal
