
Microsoft Visual Studio Solution File, Format Version 12.00
# Visual Studio 15
VisualStudioVersion = 15.0.27428.2037
MinimumVisualStudioVersion = 10.0.40219.1
Project("{8BC9CEB8-8B4A-11D0-8D11-00A0C91BC942}") = "DirectX11Tutorial003", "DirectX11Tutorial003\DirectX11Tutorial003.vcxproj", "{73CD4C30-B0B3-433D-84B6-E99E13527016}"
EndProject
Global
	GlobalSection(SolutionConfigurationPlatforms) = preSolution
		Debug|x64 = Debug|x64
		Debug|x86 = Debug|x86
		Release|x64 = Release|x64
		Release|x86 = Release|x86
	EndGlobalSection
	GlobalSection(ProjectConfigurationPlatforms) = postSolution
		{73CD4C30-B0B3-433D-84B6-E99E13527016}.Debug|x64.ActiveCfg = Debug|x64
		{73CD4C30-B0B3-433D-84B6-E99E13527016}.Debug|x64.Build.0 = Debug|x64
		{73CD4C30-B0B3-433D-84B6-E99E13527016}.Debug|x86.ActiveCfg = Debug|Win32
		{73CD4C30-B0B3-433D-84B6-E99E13527016}.Debug|x86.Build.0 = Debug|Win32
		{73CD4C30-B0B3-433D-84B6-E99E13527016}.Release|x64.ActiveCfg = Release|x64
		{73CD4C30-B0B3-433D-84B6-E99E13527016}.Release|x64.Build.0 = Release|x64
		{73CD4C30-B0B3-433D-84B6-E99E13527016}.Release|x86.ActiveCfg = Release|Win32
		{73CD4C30-B0B3-433D-84B6-E99E13527016}.Release|x86.Build.0 = Release|Win32
	EndGlobalSection
	GlobalSection(SolutionProperties) = preSolution
		HideSolutionNode = FALSE
	EndGlobalSection
	GlobalSection(ExtensibilityGlobals) = postSolution
		SolutionGuid = {CD0EC1BE-2AC6-454F-B9F4-F2F9A9AED6C5}
	EndGlobalSection
EndGlobal
